
Microsoft Visual Studio Solution File, Format Version 12.00
# Visual Studio Version 16
VisualStudioVersion = 16.0.30717.126
MinimumVisualStudioVersion = 10.0.40219.1
Project("{FAE04EC0-301F-11D3-BF4B-00C04F79EFBC}") = "RetryFactoryClass", "RetryFactoryClass\RetryFactoryClass.csproj", "{BD3DE8E7-C7D4-4447-ADE9-F30F5533FCAF}"
EndProject
Global
	GlobalSection(SolutionConfigurationPlatforms) = preSolution
		Debug|Any CPU = Debug|Any CPU
		Release|Any CPU = Release|Any CPU
	EndGlobalSection
	GlobalSection(ProjectConfigurationPlatforms) = postSolution
		{BD3DE8E7-C7D4-4447-ADE9-F30F5533FCAF}.Debug|Any CPU.ActiveCfg = Debug|Any CPU
		{BD3DE8E7-C7D4-4447-ADE9-F30F5533FCAF}.Debug|Any CPU.Build.0 = Debug|Any CPU
		{BD3DE8E7-C7D4-4447-ADE9-F30F5533FCAF}.Release|Any CPU.ActiveCfg = Release|Any CPU
		{BD3DE8E7-C7D4-4447-ADE9-F30F5533FCAF}.Release|Any CPU.Build.0 = Release|Any CPU
	EndGlobalSection
	GlobalSection(SolutionProperties) = preSolution
		HideSolutionNode = FALSE
	EndGlobalSection
	GlobalSection(ExtensibilityGlobals) = postSolution
		SolutionGuid = {97A46C64-893C-4E72-BD68-617036521479}
	EndGlobalSection
EndGlobal
